
Microsoft Visual Studio Solution File, Format Version 12.00
# Visual Studio Version 17
VisualStudioVersion = 17.2.32616.157
MinimumVisualStudioVersion = 10.0.40219.1
Project("{9A19103F-16F7-4668-BE54-9A1E7A4F7556}") = "knowledgebase", "knowledgebase\knowledgebase.csproj", "{5CF790D3-544E-4E4B-9029-461E8165DF0D}"
EndProject
Global
	GlobalSection(SolutionConfigurationPlatforms) = preSolution
		Debug|Any CPU = Debug|Any CPU
		Release|Any CPU = Release|Any CPU
	EndGlobalSection
	GlobalSection(ProjectConfigurationPlatforms) = postSolution
		{5CF790D3-544E-4E4B-9029-461E8165DF0D}.Debug|Any CPU.ActiveCfg = Debug|Any CPU
		{5CF790D3-544E-4E4B-9029-461E8165DF0D}.Debug|Any CPU.Build.0 = Debug|Any CPU
		{5CF790D3-544E-4E4B-9029-461E8165DF0D}.Release|Any CPU.ActiveCfg = Release|Any CPU
		{5CF790D3-544E-4E4B-9029-461E8165DF0D}.Release|Any CPU.Build.0 = Release|Any CPU
	EndGlobalSection
	GlobalSection(SolutionProperties) = preSolution
		HideSolutionNode = FALSE
	EndGlobalSection
	GlobalSection(ExtensibilityGlobals) = postSolution
		SolutionGuid = {5CBDF8F0-1F6C-4691-B0DF-20559E7DC82B}
	EndGlobalSection
EndGlobal
